
Microsoft Visual Studio Solution File, Format Version 12.00
# Visual Studio 2012
Project("{262852C6-CD72-467D-83FE-5EEB1973A190}") = "App3", "App3\App3.jsproj", "{22927320-14D5-4C80-8A0C-365CF3BB7022}"
EndProject
Global
	GlobalSection(SolutionConfigurationPlatforms) = preSolution
		Debug|Any CPU = Debug|Any CPU
		Debug|ARM = Debug|ARM
		Debug|x64 = Debug|x64
		Debug|x86 = Debug|x86
		Release|Any CPU = Release|Any CPU
		Release|ARM = Release|ARM
		Release|x64 = Release|x64
		Release|x86 = Release|x86
	EndGlobalSection
	GlobalSection(ProjectConfigurationPlatforms) = postSolution
		{22927320-14D5-4C80-8A0C-365CF3BB7022}.Debug|Any CPU.ActiveCfg = Debug|Any CPU
		{22927320-14D5-4C80-8A0C-365CF3BB7022}.Debug|Any CPU.Build.0 = Debug|Any CPU
		{22927320-14D5-4C80-8A0C-365CF3BB7022}.Debug|Any CPU.Deploy.0 = Debug|Any CPU
		{22927320-14D5-4C80-8A0C-365CF3BB7022}.Debug|ARM.ActiveCfg = Debug|ARM
		{22927320-14D5-4C80-8A0C-365CF3BB7022}.Debug|ARM.Build.0 = Debug|ARM
		{22927320-14D5-4C80-8A0C-365CF3BB7022}.Debug|ARM.Deploy.0 = Debug|ARM
		{22927320-14D5-4C80-8A0C-365CF3BB7022}.Debug|x64.ActiveCfg = Debug|x64
		{22927320-14D5-4C80-8A0C-365CF3BB7022}.Debug|x64.Build.0 = Debug|x64
		{22927320-14D5-4C80-8A0C-365CF3BB7022}.Debug|x64.Deploy.0 = Debug|x64
		{22927320-14D5-4C80-8A0C-365CF3BB7022}.Debug|x86.ActiveCfg = Debug|x86
		{22927320-14D5-4C80-8A0C-365CF3BB7022}.Debug|x86.Build.0 = Debug|x86
		{22927320-14D5-4C80-8A0C-365CF3BB7022}.Debug|x86.Deploy.0 = Debug|x86
		{22927320-14D5-4C80-8A0C-365CF3BB7022}.Release|Any CPU.ActiveCfg = Release|Any CPU
		{22927320-14D5-4C80-8A0C-365CF3BB7022}.Release|Any CPU.Build.0 = Release|Any CPU
		{22927320-14D5-4C80-8A0C-365CF3BB7022}.Release|Any CPU.Deploy.0 = Release|Any CPU
		{22927320-14D5-4C80-8A0C-365CF3BB7022}.Release|ARM.ActiveCfg = Release|ARM
		{22927320-14D5-4C80-8A0C-365CF3BB7022}.Release|ARM.Build.0 = Release|ARM
		{22927320-14D5-4C80-8A0C-365CF3BB7022}.Release|ARM.Deploy.0 = Release|ARM
		{22927320-14D5-4C80-8A0C-365CF3BB7022}.Release|x64.ActiveCfg = Release|x64
		{22927320-14D5-4C80-8A0C-365CF3BB7022}.Release|x64.Build.0 = Release|x64
		{22927320-14D5-4C80-8A0C-365CF3BB7022}.Release|x64.Deploy.0 = Release|x64
		{22927320-14D5-4C80-8A0C-365CF3BB7022}.Release|x86.ActiveCfg = Release|x86
		{22927320-14D5-4C80-8A0C-365CF3BB7022}.Release|x86.Build.0 = Release|x86
		{22927320-14D5-4C80-8A0C-365CF3BB7022}.Release|x86.Deploy.0 = Release|x86
	EndGlobalSection
	GlobalSection(SolutionProperties) = preSolution
		HideSolutionNode = FALSE
	EndGlobalSection
EndGlobal
